
Microsoft Visual Studio Solution File, Format Version 12.00
Project("{FAE04EC0-301F-11D3-BF4B-00C04F79EFBC}") = "FollowCam", "FollowCam\FollowCam.csproj", "{CCEC74EB-6AFC-40C0-9D04-73496EC20B21}"
EndProject
Global
	GlobalSection(SolutionConfigurationPlatforms) = preSolution
		Debug|Any CPU = Debug|Any CPU
		Release|Any CPU = Release|Any CPU
	EndGlobalSection
	GlobalSection(ProjectConfigurationPlatforms) = postSolution
		{CCEC74EB-6AFC-40C0-9D04-73496EC20B21}.Debug|Any CPU.ActiveCfg = Debug|Any CPU
		{CCEC74EB-6AFC-40C0-9D04-73496EC20B21}.Debug|Any CPU.Build.0 = Debug|Any CPU
		{CCEC74EB-6AFC-40C0-9D04-73496EC20B21}.Release|Any CPU.ActiveCfg = Release|Any CPU
		{CCEC74EB-6AFC-40C0-9D04-73496EC20B21}.Release|Any CPU.Build.0 = Release|Any CPU
	EndGlobalSection
EndGlobal
